
Microsoft Visual Studio Solution File, Format Version 12.00
# Visual Studio Version 17
VisualStudioVersion = 17.1.32407.343
MinimumVisualStudioVersion = 10.0.40219.1
Project("{FAE04EC0-301F-11D3-BF4B-00C04F79EFBC}") = "Database Tracking Software", "Database Tracking Software.csproj", "{20E15874-847A-4F74-8712-119E62D74C88}"
EndProject
Global
	GlobalSection(SolutionConfigurationPlatforms) = preSolution
		Debug|Any CPU = Debug|Any CPU
		Release|Any CPU = Release|Any CPU
	EndGlobalSection
	GlobalSection(ProjectConfigurationPlatforms) = postSolution
		{20E15874-847A-4F74-8712-119E62D74C88}.Debug|Any CPU.ActiveCfg = Debug|Any CPU
		{20E15874-847A-4F74-8712-119E62D74C88}.Debug|Any CPU.Build.0 = Debug|Any CPU
		{20E15874-847A-4F74-8712-119E62D74C88}.Release|Any CPU.ActiveCfg = Release|Any CPU
		{20E15874-847A-4F74-8712-119E62D74C88}.Release|Any CPU.Build.0 = Release|Any CPU
	EndGlobalSection
	GlobalSection(SolutionProperties) = preSolution
		HideSolutionNode = FALSE
	EndGlobalSection
	GlobalSection(ExtensibilityGlobals) = postSolution
		SolutionGuid = {BBAB76E1-153C-4ECB-9EDF-4942B05D6693}
	EndGlobalSection
EndGlobal
