
Microsoft Visual Studio Solution File, Format Version 12.00
# Visual Studio Version 17
VisualStudioVersion = 17.0.32014.148
MinimumVisualStudioVersion = 10.0.40219.1
Project("{FAE04EC0-301F-11D3-BF4B-00C04F79EFBC}") = "EncryptionLibrary", "EncryptionLibrary.csproj", "{F635FAB3-B706-4B23-A85C-2FAD895A9100}"
EndProject
Global
	GlobalSection(SolutionConfigurationPlatforms) = preSolution
		Debug|Any CPU = Debug|Any CPU
		Release|Any CPU = Release|Any CPU
	EndGlobalSection
	GlobalSection(ProjectConfigurationPlatforms) = postSolution
		{F635FAB3-B706-4B23-A85C-2FAD895A9100}.Debug|Any CPU.ActiveCfg = Debug|Any CPU
		{F635FAB3-B706-4B23-A85C-2FAD895A9100}.Debug|Any CPU.Build.0 = Debug|Any CPU
		{F635FAB3-B706-4B23-A85C-2FAD895A9100}.Release|Any CPU.ActiveCfg = Release|Any CPU
		{F635FAB3-B706-4B23-A85C-2FAD895A9100}.Release|Any CPU.Build.0 = Release|Any CPU
	EndGlobalSection
	GlobalSection(SolutionProperties) = preSolution
		HideSolutionNode = FALSE
	EndGlobalSection
	GlobalSection(ExtensibilityGlobals) = postSolution
		SolutionGuid = {56BEB667-BEC5-419A-AD84-82E7BB649A11}
	EndGlobalSection
EndGlobal
